
Microsoft Visual Studio Solution File, Format Version 12.00
# Visual Studio Version 17
VisualStudioVersion = 17.5.33516.290
MinimumVisualStudioVersion = 10.0.40219.1
Project("{2150E333-8FDC-42A3-9474-1A3956D46DE8}") = "KeepTrackr.Modules", "KeepTrackr.Modules", "{8AF192AC-6242-4AB0-81E1-B4752AE1C641}"
EndProject
Project("{2150E333-8FDC-42A3-9474-1A3956D46DE8}") = "Authtorization", "Authtorization", "{AD7C5D6F-5B30-4A95-A751-E24425AAAA71}"
EndProject
Project("{2150E333-8FDC-42A3-9474-1A3956D46DE8}") = "Dashboard", "Dashboard", "{A9BAFBB1-36C8-47F6-872C-7DDF062CC53C}"
EndProject
Project("{2150E333-8FDC-42A3-9474-1A3956D46DE8}") = "Payment", "Payment", "{B1DFAF0F-20F2-4E79-B62B-A4620EB4C7E5}"
EndProject
Project("{2150E333-8FDC-42A3-9474-1A3956D46DE8}") = "Employees", "Employees", "{80B79146-A3C5-4F4B-9BE3-80A119C926A0}"
EndProject
Project("{2150E333-8FDC-42A3-9474-1A3956D46DE8}") = "Task", "Task", "{8F67561F-06AA-4926-8266-CD65299F5501}"
EndProject
Project("{2150E333-8FDC-42A3-9474-1A3956D46DE8}") = "Configuration", "Configuration", "{BAD2FAE0-206E-45B7-95FD-3C8C5E42DFC1}"
EndProject
Project("{9A19103F-16F7-4668-BE54-9A1E7A4F7556}") = "Employees.Messages", "KeepTrack.Modules\Employees\Employee.Messages\Employees.Messages.csproj", "{422D2C6F-154F-4CD7-98C6-ED44B82B70B5}"
EndProject
Project("{9A19103F-16F7-4668-BE54-9A1E7A4F7556}") = "Employees.Api", "KeepTrack.Modules\Employees\Employees.Api\Employees.Api.csproj", "{2EEF47CB-B615-4841-BA14-ECE27D4E5486}"
EndProject
Project("{9A19103F-16F7-4668-BE54-9A1E7A4F7556}") = "Employees.Application", "KeepTrack.Modules\Employees\Employees.Application\Employees.Application.csproj", "{79E1E820-B403-4AD8-806C-1CAD7AB76653}"
EndProject
Project("{9A19103F-16F7-4668-BE54-9A1E7A4F7556}") = "Employees.Domain", "KeepTrack.Modules\Employees\Employees.Domain\Employees.Domain.csproj", "{F5A7409A-7D5D-497F-8C32-9F8BC7A14854}"
EndProject
Project("{9A19103F-16F7-4668-BE54-9A1E7A4F7556}") = "Employees.Infrastructure", "KeepTrack.Modules\Employees\Employees.Infrastructure\Employees.Infrastructure.csproj", "{2F7068A9-E23F-440B-B3F4-71A3620A701B}"
EndProject
Project("{2150E333-8FDC-42A3-9474-1A3956D46DE8}") = "KeepTrackr.Infrastructure", "KeepTrackr.Infrastructure", "{CB0EA49F-CDE7-418E-9D22-356CB32C0C46}"
EndProject
Project("{9A19103F-16F7-4668-BE54-9A1E7A4F7556}") = "KeepTrack.Persistance", "KeepTrack.Persistance\KeepTrack.Persistance.csproj", "{B008FC04-325C-45EA-9CD7-17BEA4CFFED6}"
EndProject
Project("{9A19103F-16F7-4668-BE54-9A1E7A4F7556}") = "KeepTrack.Common", "KeepTrack.Common\KeepTrack.Common.csproj", "{1436637B-31CD-4013-8218-7EEFB37BD678}"
EndProject
Project("{9A19103F-16F7-4668-BE54-9A1E7A4F7556}") = "KeepTrackr.Api", "KeepTrackr.Api\KeepTrackr.Api.csproj", "{9E4AA428-16C5-45DA-824D-DDA8CD568482}"
EndProject
Project("{9A19103F-16F7-4668-BE54-9A1E7A4F7556}") = "Authorization.Messages", "KeepTrack.Modules\Identity\Authorization.Messages\Authorization.Messages.csproj", "{68F2C81C-C7A1-4203-9BBD-A36A4EC455B7}"
EndProject
Project("{9A19103F-16F7-4668-BE54-9A1E7A4F7556}") = "Authorization.Api", "KeepTrack.Modules\Identity\Authorization.Api\Authorization.Api.csproj", "{35952B7D-0AC9-4F39-BF44-790268BA27B6}"
EndProject
Project("{9A19103F-16F7-4668-BE54-9A1E7A4F7556}") = "Configuration.API", "KeepTrack.Modules\Configuration\Configuration.API\Configuration.API.csproj", "{A3873A9C-BD16-433E-8F5A-14B6786F0D58}"
EndProject
Project("{9A19103F-16F7-4668-BE54-9A1E7A4F7556}") = "Configuration.Application", "KeepTrack.Modules\Configuration\Configuration.Application\Configuration.Application.csproj", "{AC55431B-37E0-4CF8-A8AB-D96F82F91552}"
EndProject
Project("{9A19103F-16F7-4668-BE54-9A1E7A4F7556}") = "Configuration.Domain", "KeepTrack.Modules\Configuration\Configuration.Domain\Configuration.Domain.csproj", "{E2E9D306-B063-46B3-9324-53C494869EE3}"
EndProject
Project("{9A19103F-16F7-4668-BE54-9A1E7A4F7556}") = "Configuration.Persistance", "KeepTrack.Modules\Configuration\Configuration.Persistance\Configuration.Persistance.csproj", "{3747A323-7509-47CB-A1CF-305BAA697962}"
EndProject
Project("{9A19103F-16F7-4668-BE54-9A1E7A4F7556}") = "Task.Api", "KeepTrack.Modules\Tasks\Task.Api\Task.Api.csproj", "{F4B02E8D-6A57-444E-93DD-C30C6F8EF941}"
EndProject
Project("{9A19103F-16F7-4668-BE54-9A1E7A4F7556}") = "Task.Application", "KeepTrack.Modules\Tasks\Task.Application\Task.Application.csproj", "{C54CC9AE-B587-48EF-A613-5B2025EBC760}"
EndProject
Project("{9A19103F-16F7-4668-BE54-9A1E7A4F7556}") = "Task.Domain", "KeepTrack.Modules\Tasks\Task.Domain\Task.Domain.csproj", "{60E1B8DC-383A-475A-8FCD-AA58AC083D7E}"
EndProject
Project("{9A19103F-16F7-4668-BE54-9A1E7A4F7556}") = "Task.Infrastructure", "KeepTrack.Modules\Tasks\Task.Infrastructure\Task.Infrastructure.csproj", "{898542B2-86F8-400B-BCF3-4706C31068B5}"
EndProject
Project("{54A90642-561A-4BB1-A94E-469ADEE60C69}") = "Keeptrackr.Client", "KeepTrackr.Client\Keeptrackr.Client.esproj", "{26CC3BEB-9F9B-4F37-855B-9775BB79189A}"
EndProject
Global
	GlobalSection(SolutionConfigurationPlatforms) = preSolution
		Debug|Any CPU = Debug|Any CPU
		Release|Any CPU = Release|Any CPU
	EndGlobalSection
	GlobalSection(ProjectConfigurationPlatforms) = postSolution
		{422D2C6F-154F-4CD7-98C6-ED44B82B70B5}.Debug|Any CPU.ActiveCfg = Debug|Any CPU
		{422D2C6F-154F-4CD7-98C6-ED44B82B70B5}.Debug|Any CPU.Build.0 = Debug|Any CPU
		{422D2C6F-154F-4CD7-98C6-ED44B82B70B5}.Release|Any CPU.ActiveCfg = Release|Any CPU
		{422D2C6F-154F-4CD7-98C6-ED44B82B70B5}.Release|Any CPU.Build.0 = Release|Any CPU
		{2EEF47CB-B615-4841-BA14-ECE27D4E5486}.Debug|Any CPU.ActiveCfg = Debug|Any CPU
		{2EEF47CB-B615-4841-BA14-ECE27D4E5486}.Debug|Any CPU.Build.0 = Debug|Any CPU
		{2EEF47CB-B615-4841-BA14-ECE27D4E5486}.Release|Any CPU.ActiveCfg = Release|Any CPU
		{2EEF47CB-B615-4841-BA14-ECE27D4E5486}.Release|Any CPU.Build.0 = Release|Any CPU
		{79E1E820-B403-4AD8-806C-1CAD7AB76653}.Debug|Any CPU.ActiveCfg = Debug|Any CPU
		{79E1E820-B403-4AD8-806C-1CAD7AB76653}.Debug|Any CPU.Build.0 = Debug|Any CPU
		{79E1E820-B403-4AD8-806C-1CAD7AB76653}.Release|Any CPU.ActiveCfg = Release|Any CPU
		{79E1E820-B403-4AD8-806C-1CAD7AB76653}.Release|Any CPU.Build.0 = Release|Any CPU
		{F5A7409A-7D5D-497F-8C32-9F8BC7A14854}.Debug|Any CPU.ActiveCfg = Debug|Any CPU
		{F5A7409A-7D5D-497F-8C32-9F8BC7A14854}.Debug|Any CPU.Build.0 = Debug|Any CPU
		{F5A7409A-7D5D-497F-8C32-9F8BC7A14854}.Release|Any CPU.ActiveCfg = Release|Any CPU
		{F5A7409A-7D5D-497F-8C32-9F8BC7A14854}.Release|Any CPU.Build.0 = Release|Any CPU
		{2F7068A9-E23F-440B-B3F4-71A3620A701B}.Debug|Any CPU.ActiveCfg = Debug|Any CPU
		{2F7068A9-E23F-440B-B3F4-71A3620A701B}.Debug|Any CPU.Build.0 = Debug|Any CPU
		{2F7068A9-E23F-440B-B3F4-71A3620A701B}.Release|Any CPU.ActiveCfg = Release|Any CPU
		{2F7068A9-E23F-440B-B3F4-71A3620A701B}.Release|Any CPU.Build.0 = Release|Any CPU
		{B008FC04-325C-45EA-9CD7-17BEA4CFFED6}.Debug|Any CPU.ActiveCfg = Debug|Any CPU
		{B008FC04-325C-45EA-9CD7-17BEA4CFFED6}.Debug|Any CPU.Build.0 = Debug|Any CPU
		{B008FC04-325C-45EA-9CD7-17BEA4CFFED6}.Release|Any CPU.ActiveCfg = Release|Any CPU
		{B008FC04-325C-45EA-9CD7-17BEA4CFFED6}.Release|Any CPU.Build.0 = Release|Any CPU
		{1436637B-31CD-4013-8218-7EEFB37BD678}.Debug|Any CPU.ActiveCfg = Debug|Any CPU
		{1436637B-31CD-4013-8218-7EEFB37BD678}.Debug|Any CPU.Build.0 = Debug|Any CPU
		{1436637B-31CD-4013-8218-7EEFB37BD678}.Release|Any CPU.ActiveCfg = Release|Any CPU
		{1436637B-31CD-4013-8218-7EEFB37BD678}.Release|Any CPU.Build.0 = Release|Any CPU
		{9E4AA428-16C5-45DA-824D-DDA8CD568482}.Debug|Any CPU.ActiveCfg = Debug|Any CPU
		{9E4AA428-16C5-45DA-824D-DDA8CD568482}.Debug|Any CPU.Build.0 = Debug|Any CPU
		{9E4AA428-16C5-45DA-824D-DDA8CD568482}.Release|Any CPU.ActiveCfg = Release|Any CPU
		{9E4AA428-16C5-45DA-824D-DDA8CD568482}.Release|Any CPU.Build.0 = Release|Any CPU
		{68F2C81C-C7A1-4203-9BBD-A36A4EC455B7}.Debug|Any CPU.ActiveCfg = Debug|Any CPU
		{68F2C81C-C7A1-4203-9BBD-A36A4EC455B7}.Debug|Any CPU.Build.0 = Debug|Any CPU
		{68F2C81C-C7A1-4203-9BBD-A36A4EC455B7}.Release|Any CPU.ActiveCfg = Release|Any CPU
		{68F2C81C-C7A1-4203-9BBD-A36A4EC455B7}.Release|Any CPU.Build.0 = Release|Any CPU
		{35952B7D-0AC9-4F39-BF44-790268BA27B6}.Debug|Any CPU.ActiveCfg = Debug|Any CPU
		{35952B7D-0AC9-4F39-BF44-790268BA27B6}.Debug|Any CPU.Build.0 = Debug|Any CPU
		{35952B7D-0AC9-4F39-BF44-790268BA27B6}.Release|Any CPU.ActiveCfg = Release|Any CPU
		{35952B7D-0AC9-4F39-BF44-790268BA27B6}.Release|Any CPU.Build.0 = Release|Any CPU
		{A3873A9C-BD16-433E-8F5A-14B6786F0D58}.Debug|Any CPU.ActiveCfg = Debug|Any CPU
		{A3873A9C-BD16-433E-8F5A-14B6786F0D58}.Debug|Any CPU.Build.0 = Debug|Any CPU
		{A3873A9C-BD16-433E-8F5A-14B6786F0D58}.Release|Any CPU.ActiveCfg = Release|Any CPU
		{A3873A9C-BD16-433E-8F5A-14B6786F0D58}.Release|Any CPU.Build.0 = Release|Any CPU
		{AC55431B-37E0-4CF8-A8AB-D96F82F91552}.Debug|Any CPU.ActiveCfg = Debug|Any CPU
		{AC55431B-37E0-4CF8-A8AB-D96F82F91552}.Debug|Any CPU.Build.0 = Debug|Any CPU
		{AC55431B-37E0-4CF8-A8AB-D96F82F91552}.Release|Any CPU.ActiveCfg = Release|Any CPU
		{AC55431B-37E0-4CF8-A8AB-D96F82F91552}.Release|Any CPU.Build.0 = Release|Any CPU
		{E2E9D306-B063-46B3-9324-53C494869EE3}.Debug|Any CPU.ActiveCfg = Debug|Any CPU
		{E2E9D306-B063-46B3-9324-53C494869EE3}.Debug|Any CPU.Build.0 = Debug|Any CPU
		{E2E9D306-B063-46B3-9324-53C494869EE3}.Release|Any CPU.ActiveCfg = Release|Any CPU
		{E2E9D306-B063-46B3-9324-53C494869EE3}.Release|Any CPU.Build.0 = Release|Any CPU
		{3747A323-7509-47CB-A1CF-305BAA697962}.Debug|Any CPU.ActiveCfg = Debug|Any CPU
		{3747A323-7509-47CB-A1CF-305BAA697962}.Debug|Any CPU.Build.0 = Debug|Any CPU
		{3747A323-7509-47CB-A1CF-305BAA697962}.Release|Any CPU.ActiveCfg = Release|Any CPU
		{3747A323-7509-47CB-A1CF-305BAA697962}.Release|Any CPU.Build.0 = Release|Any CPU
		{F4B02E8D-6A57-444E-93DD-C30C6F8EF941}.Debug|Any CPU.ActiveCfg = Debug|Any CPU
		{F4B02E8D-6A57-444E-93DD-C30C6F8EF941}.Debug|Any CPU.Build.0 = Debug|Any CPU
		{F4B02E8D-6A57-444E-93DD-C30C6F8EF941}.Release|Any CPU.ActiveCfg = Release|Any CPU
		{F4B02E8D-6A57-444E-93DD-C30C6F8EF941}.Release|Any CPU.Build.0 = Release|Any CPU
		{C54CC9AE-B587-48EF-A613-5B2025EBC760}.Debug|Any CPU.ActiveCfg = Debug|Any CPU
		{C54CC9AE-B587-48EF-A613-5B2025EBC760}.Debug|Any CPU.Build.0 = Debug|Any CPU
		{C54CC9AE-B587-48EF-A613-5B2025EBC760}.Release|Any CPU.ActiveCfg = Release|Any CPU
		{C54CC9AE-B587-48EF-A613-5B2025EBC760}.Release|Any CPU.Build.0 = Release|Any CPU
		{60E1B8DC-383A-475A-8FCD-AA58AC083D7E}.Debug|Any CPU.ActiveCfg = Debug|Any CPU
		{60E1B8DC-383A-475A-8FCD-AA58AC083D7E}.Debug|Any CPU.Build.0 = Debug|Any CPU
		{60E1B8DC-383A-475A-8FCD-AA58AC083D7E}.Release|Any CPU.ActiveCfg = Release|Any CPU
		{60E1B8DC-383A-475A-8FCD-AA58AC083D7E}.Release|Any CPU.Build.0 = Release|Any CPU
		{898542B2-86F8-400B-BCF3-4706C31068B5}.Debug|Any CPU.ActiveCfg = Debug|Any CPU
		{898542B2-86F8-400B-BCF3-4706C31068B5}.Debug|Any CPU.Build.0 = Debug|Any CPU
		{898542B2-86F8-400B-BCF3-4706C31068B5}.Release|Any CPU.ActiveCfg = Release|Any CPU
		{898542B2-86F8-400B-BCF3-4706C31068B5}.Release|Any CPU.Build.0 = Release|Any CPU
		{26CC3BEB-9F9B-4F37-855B-9775BB79189A}.Debug|Any CPU.ActiveCfg = Debug|Any CPU
		{26CC3BEB-9F9B-4F37-855B-9775BB79189A}.Debug|Any CPU.Build.0 = Debug|Any CPU
		{26CC3BEB-9F9B-4F37-855B-9775BB79189A}.Debug|Any CPU.Deploy.0 = Debug|Any CPU
		{26CC3BEB-9F9B-4F37-855B-9775BB79189A}.Release|Any CPU.ActiveCfg = Release|Any CPU
		{26CC3BEB-9F9B-4F37-855B-9775BB79189A}.Release|Any CPU.Build.0 = Release|Any CPU
		{26CC3BEB-9F9B-4F37-855B-9775BB79189A}.Release|Any CPU.Deploy.0 = Release|Any CPU
	EndGlobalSection
	GlobalSection(SolutionProperties) = preSolution
		HideSolutionNode = FALSE
	EndGlobalSection
	GlobalSection(NestedProjects) = preSolution
		{AD7C5D6F-5B30-4A95-A751-E24425AAAA71} = {8AF192AC-6242-4AB0-81E1-B4752AE1C641}
		{A9BAFBB1-36C8-47F6-872C-7DDF062CC53C} = {8AF192AC-6242-4AB0-81E1-B4752AE1C641}
		{B1DFAF0F-20F2-4E79-B62B-A4620EB4C7E5} = {8AF192AC-6242-4AB0-81E1-B4752AE1C641}
		{80B79146-A3C5-4F4B-9BE3-80A119C926A0} = {8AF192AC-6242-4AB0-81E1-B4752AE1C641}
		{8F67561F-06AA-4926-8266-CD65299F5501} = {8AF192AC-6242-4AB0-81E1-B4752AE1C641}
		{BAD2FAE0-206E-45B7-95FD-3C8C5E42DFC1} = {8AF192AC-6242-4AB0-81E1-B4752AE1C641}
		{422D2C6F-154F-4CD7-98C6-ED44B82B70B5} = {80B79146-A3C5-4F4B-9BE3-80A119C926A0}
		{2EEF47CB-B615-4841-BA14-ECE27D4E5486} = {80B79146-A3C5-4F4B-9BE3-80A119C926A0}
		{79E1E820-B403-4AD8-806C-1CAD7AB76653} = {80B79146-A3C5-4F4B-9BE3-80A119C926A0}
		{F5A7409A-7D5D-497F-8C32-9F8BC7A14854} = {80B79146-A3C5-4F4B-9BE3-80A119C926A0}
		{2F7068A9-E23F-440B-B3F4-71A3620A701B} = {80B79146-A3C5-4F4B-9BE3-80A119C926A0}
		{B008FC04-325C-45EA-9CD7-17BEA4CFFED6} = {CB0EA49F-CDE7-418E-9D22-356CB32C0C46}
		{68F2C81C-C7A1-4203-9BBD-A36A4EC455B7} = {AD7C5D6F-5B30-4A95-A751-E24425AAAA71}
		{35952B7D-0AC9-4F39-BF44-790268BA27B6} = {AD7C5D6F-5B30-4A95-A751-E24425AAAA71}
		{A3873A9C-BD16-433E-8F5A-14B6786F0D58} = {BAD2FAE0-206E-45B7-95FD-3C8C5E42DFC1}
		{AC55431B-37E0-4CF8-A8AB-D96F82F91552} = {BAD2FAE0-206E-45B7-95FD-3C8C5E42DFC1}
		{E2E9D306-B063-46B3-9324-53C494869EE3} = {BAD2FAE0-206E-45B7-95FD-3C8C5E42DFC1}
		{3747A323-7509-47CB-A1CF-305BAA697962} = {BAD2FAE0-206E-45B7-95FD-3C8C5E42DFC1}
		{F4B02E8D-6A57-444E-93DD-C30C6F8EF941} = {8F67561F-06AA-4926-8266-CD65299F5501}
		{C54CC9AE-B587-48EF-A613-5B2025EBC760} = {8F67561F-06AA-4926-8266-CD65299F5501}
		{60E1B8DC-383A-475A-8FCD-AA58AC083D7E} = {8F67561F-06AA-4926-8266-CD65299F5501}
		{898542B2-86F8-400B-BCF3-4706C31068B5} = {8F67561F-06AA-4926-8266-CD65299F5501}
	EndGlobalSection
	GlobalSection(ExtensibilityGlobals) = postSolution
		SolutionGuid = {F6A085E5-5AC3-4442-B705-2AE054CB90D3}
	EndGlobalSection
EndGlobal
