
Microsoft Visual Studio Solution File, Format Version 12.00
# Visual Studio Version 17
VisualStudioVersion = 17.5.33516.290
MinimumVisualStudioVersion = 10.0.40219.1
Project("{2150E333-8FDC-42A3-9474-1A3956D46DE8}") = "KeepTrackr.Modules", "KeepTrackr.Modules", "{8AF192AC-6242-4AB0-81E1-B4752AE1C641}"
EndProject
Project("{2150E333-8FDC-42A3-9474-1A3956D46DE8}") = "Identity", "Identity", "{AD7C5D6F-5B30-4A95-A751-E24425AAAA71}"
EndProject
Project("{2150E333-8FDC-42A3-9474-1A3956D46DE8}") = "Dashboard", "Dashboard", "{A9BAFBB1-36C8-47F6-872C-7DDF062CC53C}"
EndProject
Project("{2150E333-8FDC-42A3-9474-1A3956D46DE8}") = "Employees", "Employees", "{80B79146-A3C5-4F4B-9BE3-80A119C926A0}"
EndProject
Project("{2150E333-8FDC-42A3-9474-1A3956D46DE8}") = "TaskManagment", "TaskManagment", "{8F67561F-06AA-4926-8266-CD65299F5501}"
EndProject
Project("{2150E333-8FDC-42A3-9474-1A3956D46DE8}") = "Configuration", "Configuration", "{BAD2FAE0-206E-45B7-95FD-3C8C5E42DFC1}"
EndProject
Project("{9A19103F-16F7-4668-BE54-9A1E7A4F7556}") = "Employees.Messages", "KeepTrack.Modules\Employees\Employee.Messages\Employees.Messages.csproj", "{422D2C6F-154F-4CD7-98C6-ED44B82B70B5}"
EndProject
Project("{9A19103F-16F7-4668-BE54-9A1E7A4F7556}") = "Employees.Api", "KeepTrack.Modules\Employees\Employees.Api\Employees.Api.csproj", "{2EEF47CB-B615-4841-BA14-ECE27D4E5486}"
EndProject
Project("{9A19103F-16F7-4668-BE54-9A1E7A4F7556}") = "Employees.Application", "KeepTrack.Modules\Employees\Employees.Application\Employees.Application.csproj", "{79E1E820-B403-4AD8-806C-1CAD7AB76653}"
EndProject
Project("{9A19103F-16F7-4668-BE54-9A1E7A4F7556}") = "Employees.Domain", "KeepTrack.Modules\Employees\Employees.Domain\Employees.Domain.csproj", "{F5A7409A-7D5D-497F-8C32-9F8BC7A14854}"
EndProject
Project("{9A19103F-16F7-4668-BE54-9A1E7A4F7556}") = "Employees.Infrastructure", "KeepTrack.Modules\Employees\Employees.Infrastructure\Employees.Infrastructure.csproj", "{2F7068A9-E23F-440B-B3F4-71A3620A701B}"
EndProject
Project("{2150E333-8FDC-42A3-9474-1A3956D46DE8}") = "KeepTrackr.Infrastructure", "KeepTrackr.Infrastructure", "{CB0EA49F-CDE7-418E-9D22-356CB32C0C46}"
EndProject
Project("{9A19103F-16F7-4668-BE54-9A1E7A4F7556}") = "KeepTrack.Persistance", "KeepTrack.Persistance\KeepTrack.Persistance.csproj", "{B008FC04-325C-45EA-9CD7-17BEA4CFFED6}"
EndProject
Project("{9A19103F-16F7-4668-BE54-9A1E7A4F7556}") = "KeepTrack.Common", "KeepTrack.Common\KeepTrack.Common.csproj", "{1436637B-31CD-4013-8218-7EEFB37BD678}"
EndProject
Project("{9A19103F-16F7-4668-BE54-9A1E7A4F7556}") = "KeepTrackr.Api", "KeepTrackr.Api\KeepTrackr.Api.csproj", "{9E4AA428-16C5-45DA-824D-DDA8CD568482}"
EndProject
Project("{9A19103F-16F7-4668-BE54-9A1E7A4F7556}") = "Configuration.API", "KeepTrack.Modules\Configuration\Configuration.API\Configuration.API.csproj", "{A3873A9C-BD16-433E-8F5A-14B6786F0D58}"
EndProject
Project("{9A19103F-16F7-4668-BE54-9A1E7A4F7556}") = "Configuration.Application", "KeepTrack.Modules\Configuration\Configuration.Application\Configuration.Application.csproj", "{AC55431B-37E0-4CF8-A8AB-D96F82F91552}"
EndProject
Project("{9A19103F-16F7-4668-BE54-9A1E7A4F7556}") = "Configuration.Domain", "KeepTrack.Modules\Configuration\Configuration.Domain\Configuration.Domain.csproj", "{E2E9D306-B063-46B3-9324-53C494869EE3}"
EndProject
Project("{9A19103F-16F7-4668-BE54-9A1E7A4F7556}") = "Configuration.Persistance", "KeepTrack.Modules\Configuration\Configuration.Persistance\Configuration.Persistance.csproj", "{3747A323-7509-47CB-A1CF-305BAA697962}"
EndProject
Project("{9A19103F-16F7-4668-BE54-9A1E7A4F7556}") = "Task.Api", "KeepTrack.Modules\Tasks\Task.Api\Task.Api.csproj", "{F4B02E8D-6A57-444E-93DD-C30C6F8EF941}"
EndProject
Project("{9A19103F-16F7-4668-BE54-9A1E7A4F7556}") = "Task.Application", "KeepTrack.Modules\Tasks\Task.Application\Task.Application.csproj", "{C54CC9AE-B587-48EF-A613-5B2025EBC760}"
EndProject
Project("{9A19103F-16F7-4668-BE54-9A1E7A4F7556}") = "Task.Domain", "KeepTrack.Modules\Tasks\Task.Domain\Task.Domain.csproj", "{60E1B8DC-383A-475A-8FCD-AA58AC083D7E}"
EndProject
Project("{9A19103F-16F7-4668-BE54-9A1E7A4F7556}") = "Task.Infrastructure", "KeepTrack.Modules\Tasks\Task.Infrastructure\Task.Infrastructure.csproj", "{898542B2-86F8-400B-BCF3-4706C31068B5}"
EndProject
Project("{54A90642-561A-4BB1-A94E-469ADEE60C69}") = "Keeptrackr.Client", "KeepTrackr.Client\Keeptrackr.Client.esproj", "{26CC3BEB-9F9B-4F37-855B-9775BB79189A}"
EndProject
Project("{2150E333-8FDC-42A3-9474-1A3956D46DE8}") = "Companies", "Companies", "{4F126454-0D13-4F6B-8FCD-D03A03F0C3E7}"
EndProject
Project("{9A19103F-16F7-4668-BE54-9A1E7A4F7556}") = "KeepTrackr.Behavior", "KeepTrackr.Behavior\KeepTrackr.Behavior.csproj", "{AFAD1446-1B01-47BA-8AEB-1B65A196FA70}"
EndProject
Project("{9A19103F-16F7-4668-BE54-9A1E7A4F7556}") = "Authentication.Api", "KeepTrack.Modules\Identity\Authentication.Api\Authentication.Api.csproj", "{2B151215-25D8-43C7-A498-D6320DFD1A07}"
EndProject
Project("{9A19103F-16F7-4668-BE54-9A1E7A4F7556}") = "Authentication.Entities", "KeepTrack.Modules\Identity\Authentication.Entities\Authentication.Entities.csproj", "{3955EC02-7D47-4F65-80A1-FFDCBD9C0D72}"
EndProject
Project("{9A19103F-16F7-4668-BE54-9A1E7A4F7556}") = "Authentication.Infastructure", "KeepTrack.Modules\Identity\Authentication.Infastructure\Authentication.Infastructure.csproj", "{499E7835-CA08-473B-AF82-2B9F930BC459}"
EndProject
Project("{9A19103F-16F7-4668-BE54-9A1E7A4F7556}") = "Authentication.Messages", "KeepTrack.Modules\Identity\Authentication.Messages\Authentication.Messages.csproj", "{18FE368A-B3F2-4864-8B0A-2854F255E5AC}"
EndProject
Project("{9A19103F-16F7-4668-BE54-9A1E7A4F7556}") = "Authentication.Application", "KeepTrack.Modules\Identity\Authentication.Application\Authentication.Application.csproj", "{6D8B967B-3265-4F35-A6AA-AFD35BD1BBD7}"
EndProject
Project("{9A19103F-16F7-4668-BE54-9A1E7A4F7556}") = "Companies.Api", "KeepTrack.Modules\Company\Companies.Api\Companies.Api.csproj", "{90D7C514-06E8-4E75-84ED-58B575BBED49}"
EndProject
Project("{9A19103F-16F7-4668-BE54-9A1E7A4F7556}") = "Companies.Application", "KeepTrack.Modules\Company\Companies.Application\Companies.Application.csproj", "{E5542591-6C4D-408C-BBF1-58D178427B0B}"
EndProject
Project("{9A19103F-16F7-4668-BE54-9A1E7A4F7556}") = "Companies.Domain", "KeepTrack.Modules\Company\Companies.Domain\Companies.Domain.csproj", "{252F9F0E-8109-4B20-92CA-89EA505E0E05}"
EndProject
Project("{9A19103F-16F7-4668-BE54-9A1E7A4F7556}") = "Companies.Infrastructure", "KeepTrack.Modules\Company\Companies.Infrastructure\Companies.Infrastructure.csproj", "{E96793E2-84B8-42E2-BC94-74FC2624F24E}"
EndProject
Project("{9A19103F-16F7-4668-BE54-9A1E7A4F7556}") = "Companies.Messages", "KeepTrack.Modules\Company\Companies.Messages\Companies.Messages.csproj", "{3F1C0440-91B6-45E5-AE14-52207CB35F7F}"
EndProject
Project("{2150E333-8FDC-42A3-9474-1A3956D46DE8}") = "Subscription", "Subscription", "{C26C939B-FBBA-4770-BC89-AE7287F05295}"
EndProject
Project("{FAE04EC0-301F-11D3-BF4B-00C04F79EFBC}") = "Subscription.Api", "Subscription.Api\Subscription.Api.csproj", "{368AE50C-09FB-4F51-AD42-A7C450222AC8}"
EndProject
Project("{FAE04EC0-301F-11D3-BF4B-00C04F79EFBC}") = "Subscription.Domain", "Subscription.Domain\Subscription.Domain.csproj", "{08351FD7-8713-4D3D-856E-C1CEDD880002}"
EndProject
Project("{FAE04EC0-301F-11D3-BF4B-00C04F79EFBC}") = "Subscription.Application", "Subscription.Application\Subscription.Application.csproj", "{A530B788-7B23-4C9F-B24E-551009C21637}"
EndProject
Project("{FAE04EC0-301F-11D3-BF4B-00C04F79EFBC}") = "Subscription.Infrastructure", "Subscription.Infrastructure\Subscription.Infrastructure.csproj", "{DD1C391A-4A9C-49FF-82DA-6EA19D2A3920}"
EndProject
Project("{FAE04EC0-301F-11D3-BF4B-00C04F79EFBC}") = "Subscription.Messages", "Subscription.Messages\Subscription.Messages.csproj", "{7B9C93E0-68F4-42F1-BC9B-DDB9EE12BF7F}"
EndProject
Global
	GlobalSection(SolutionConfigurationPlatforms) = preSolution
		Debug|Any CPU = Debug|Any CPU
		Release|Any CPU = Release|Any CPU
	EndGlobalSection
	GlobalSection(ProjectConfigurationPlatforms) = postSolution
		{422D2C6F-154F-4CD7-98C6-ED44B82B70B5}.Debug|Any CPU.ActiveCfg = Debug|Any CPU
		{422D2C6F-154F-4CD7-98C6-ED44B82B70B5}.Debug|Any CPU.Build.0 = Debug|Any CPU
		{422D2C6F-154F-4CD7-98C6-ED44B82B70B5}.Release|Any CPU.ActiveCfg = Release|Any CPU
		{422D2C6F-154F-4CD7-98C6-ED44B82B70B5}.Release|Any CPU.Build.0 = Release|Any CPU
		{2EEF47CB-B615-4841-BA14-ECE27D4E5486}.Debug|Any CPU.ActiveCfg = Debug|Any CPU
		{2EEF47CB-B615-4841-BA14-ECE27D4E5486}.Debug|Any CPU.Build.0 = Debug|Any CPU
		{2EEF47CB-B615-4841-BA14-ECE27D4E5486}.Release|Any CPU.ActiveCfg = Release|Any CPU
		{2EEF47CB-B615-4841-BA14-ECE27D4E5486}.Release|Any CPU.Build.0 = Release|Any CPU
		{79E1E820-B403-4AD8-806C-1CAD7AB76653}.Debug|Any CPU.ActiveCfg = Debug|Any CPU
		{79E1E820-B403-4AD8-806C-1CAD7AB76653}.Debug|Any CPU.Build.0 = Debug|Any CPU
		{79E1E820-B403-4AD8-806C-1CAD7AB76653}.Release|Any CPU.ActiveCfg = Release|Any CPU
		{79E1E820-B403-4AD8-806C-1CAD7AB76653}.Release|Any CPU.Build.0 = Release|Any CPU
		{F5A7409A-7D5D-497F-8C32-9F8BC7A14854}.Debug|Any CPU.ActiveCfg = Debug|Any CPU
		{F5A7409A-7D5D-497F-8C32-9F8BC7A14854}.Debug|Any CPU.Build.0 = Debug|Any CPU
		{F5A7409A-7D5D-497F-8C32-9F8BC7A14854}.Release|Any CPU.ActiveCfg = Release|Any CPU
		{F5A7409A-7D5D-497F-8C32-9F8BC7A14854}.Release|Any CPU.Build.0 = Release|Any CPU
		{2F7068A9-E23F-440B-B3F4-71A3620A701B}.Debug|Any CPU.ActiveCfg = Debug|Any CPU
		{2F7068A9-E23F-440B-B3F4-71A3620A701B}.Debug|Any CPU.Build.0 = Debug|Any CPU
		{2F7068A9-E23F-440B-B3F4-71A3620A701B}.Release|Any CPU.ActiveCfg = Release|Any CPU
		{2F7068A9-E23F-440B-B3F4-71A3620A701B}.Release|Any CPU.Build.0 = Release|Any CPU
		{B008FC04-325C-45EA-9CD7-17BEA4CFFED6}.Debug|Any CPU.ActiveCfg = Debug|Any CPU
		{B008FC04-325C-45EA-9CD7-17BEA4CFFED6}.Debug|Any CPU.Build.0 = Debug|Any CPU
		{B008FC04-325C-45EA-9CD7-17BEA4CFFED6}.Release|Any CPU.ActiveCfg = Release|Any CPU
		{B008FC04-325C-45EA-9CD7-17BEA4CFFED6}.Release|Any CPU.Build.0 = Release|Any CPU
		{1436637B-31CD-4013-8218-7EEFB37BD678}.Debug|Any CPU.ActiveCfg = Debug|Any CPU
		{1436637B-31CD-4013-8218-7EEFB37BD678}.Debug|Any CPU.Build.0 = Debug|Any CPU
		{1436637B-31CD-4013-8218-7EEFB37BD678}.Release|Any CPU.ActiveCfg = Release|Any CPU
		{1436637B-31CD-4013-8218-7EEFB37BD678}.Release|Any CPU.Build.0 = Release|Any CPU
		{9E4AA428-16C5-45DA-824D-DDA8CD568482}.Debug|Any CPU.ActiveCfg = Debug|Any CPU
		{9E4AA428-16C5-45DA-824D-DDA8CD568482}.Debug|Any CPU.Build.0 = Debug|Any CPU
		{9E4AA428-16C5-45DA-824D-DDA8CD568482}.Release|Any CPU.ActiveCfg = Release|Any CPU
		{9E4AA428-16C5-45DA-824D-DDA8CD568482}.Release|Any CPU.Build.0 = Release|Any CPU
		{A3873A9C-BD16-433E-8F5A-14B6786F0D58}.Debug|Any CPU.ActiveCfg = Debug|Any CPU
		{A3873A9C-BD16-433E-8F5A-14B6786F0D58}.Debug|Any CPU.Build.0 = Debug|Any CPU
		{A3873A9C-BD16-433E-8F5A-14B6786F0D58}.Release|Any CPU.ActiveCfg = Release|Any CPU
		{A3873A9C-BD16-433E-8F5A-14B6786F0D58}.Release|Any CPU.Build.0 = Release|Any CPU
		{AC55431B-37E0-4CF8-A8AB-D96F82F91552}.Debug|Any CPU.ActiveCfg = Debug|Any CPU
		{AC55431B-37E0-4CF8-A8AB-D96F82F91552}.Debug|Any CPU.Build.0 = Debug|Any CPU
		{AC55431B-37E0-4CF8-A8AB-D96F82F91552}.Release|Any CPU.ActiveCfg = Release|Any CPU
		{AC55431B-37E0-4CF8-A8AB-D96F82F91552}.Release|Any CPU.Build.0 = Release|Any CPU
		{E2E9D306-B063-46B3-9324-53C494869EE3}.Debug|Any CPU.ActiveCfg = Debug|Any CPU
		{E2E9D306-B063-46B3-9324-53C494869EE3}.Debug|Any CPU.Build.0 = Debug|Any CPU
		{E2E9D306-B063-46B3-9324-53C494869EE3}.Release|Any CPU.ActiveCfg = Release|Any CPU
		{E2E9D306-B063-46B3-9324-53C494869EE3}.Release|Any CPU.Build.0 = Release|Any CPU
		{3747A323-7509-47CB-A1CF-305BAA697962}.Debug|Any CPU.ActiveCfg = Debug|Any CPU
		{3747A323-7509-47CB-A1CF-305BAA697962}.Debug|Any CPU.Build.0 = Debug|Any CPU
		{3747A323-7509-47CB-A1CF-305BAA697962}.Release|Any CPU.ActiveCfg = Release|Any CPU
		{3747A323-7509-47CB-A1CF-305BAA697962}.Release|Any CPU.Build.0 = Release|Any CPU
		{F4B02E8D-6A57-444E-93DD-C30C6F8EF941}.Debug|Any CPU.ActiveCfg = Debug|Any CPU
		{F4B02E8D-6A57-444E-93DD-C30C6F8EF941}.Debug|Any CPU.Build.0 = Debug|Any CPU
		{F4B02E8D-6A57-444E-93DD-C30C6F8EF941}.Release|Any CPU.ActiveCfg = Release|Any CPU
		{F4B02E8D-6A57-444E-93DD-C30C6F8EF941}.Release|Any CPU.Build.0 = Release|Any CPU
		{C54CC9AE-B587-48EF-A613-5B2025EBC760}.Debug|Any CPU.ActiveCfg = Debug|Any CPU
		{C54CC9AE-B587-48EF-A613-5B2025EBC760}.Debug|Any CPU.Build.0 = Debug|Any CPU
		{C54CC9AE-B587-48EF-A613-5B2025EBC760}.Release|Any CPU.ActiveCfg = Release|Any CPU
		{C54CC9AE-B587-48EF-A613-5B2025EBC760}.Release|Any CPU.Build.0 = Release|Any CPU
		{60E1B8DC-383A-475A-8FCD-AA58AC083D7E}.Debug|Any CPU.ActiveCfg = Debug|Any CPU
		{60E1B8DC-383A-475A-8FCD-AA58AC083D7E}.Debug|Any CPU.Build.0 = Debug|Any CPU
		{60E1B8DC-383A-475A-8FCD-AA58AC083D7E}.Release|Any CPU.ActiveCfg = Release|Any CPU
		{60E1B8DC-383A-475A-8FCD-AA58AC083D7E}.Release|Any CPU.Build.0 = Release|Any CPU
		{898542B2-86F8-400B-BCF3-4706C31068B5}.Debug|Any CPU.ActiveCfg = Debug|Any CPU
		{898542B2-86F8-400B-BCF3-4706C31068B5}.Debug|Any CPU.Build.0 = Debug|Any CPU
		{898542B2-86F8-400B-BCF3-4706C31068B5}.Release|Any CPU.ActiveCfg = Release|Any CPU
		{898542B2-86F8-400B-BCF3-4706C31068B5}.Release|Any CPU.Build.0 = Release|Any CPU
		{26CC3BEB-9F9B-4F37-855B-9775BB79189A}.Debug|Any CPU.ActiveCfg = Debug|Any CPU
		{26CC3BEB-9F9B-4F37-855B-9775BB79189A}.Debug|Any CPU.Build.0 = Debug|Any CPU
		{26CC3BEB-9F9B-4F37-855B-9775BB79189A}.Debug|Any CPU.Deploy.0 = Debug|Any CPU
		{26CC3BEB-9F9B-4F37-855B-9775BB79189A}.Release|Any CPU.ActiveCfg = Release|Any CPU
		{26CC3BEB-9F9B-4F37-855B-9775BB79189A}.Release|Any CPU.Build.0 = Release|Any CPU
		{26CC3BEB-9F9B-4F37-855B-9775BB79189A}.Release|Any CPU.Deploy.0 = Release|Any CPU
		{AFAD1446-1B01-47BA-8AEB-1B65A196FA70}.Debug|Any CPU.ActiveCfg = Debug|Any CPU
		{AFAD1446-1B01-47BA-8AEB-1B65A196FA70}.Debug|Any CPU.Build.0 = Debug|Any CPU
		{AFAD1446-1B01-47BA-8AEB-1B65A196FA70}.Release|Any CPU.ActiveCfg = Release|Any CPU
		{AFAD1446-1B01-47BA-8AEB-1B65A196FA70}.Release|Any CPU.Build.0 = Release|Any CPU
		{2B151215-25D8-43C7-A498-D6320DFD1A07}.Debug|Any CPU.ActiveCfg = Debug|Any CPU
		{2B151215-25D8-43C7-A498-D6320DFD1A07}.Debug|Any CPU.Build.0 = Debug|Any CPU
		{2B151215-25D8-43C7-A498-D6320DFD1A07}.Release|Any CPU.ActiveCfg = Release|Any CPU
		{2B151215-25D8-43C7-A498-D6320DFD1A07}.Release|Any CPU.Build.0 = Release|Any CPU
		{3955EC02-7D47-4F65-80A1-FFDCBD9C0D72}.Debug|Any CPU.ActiveCfg = Debug|Any CPU
		{3955EC02-7D47-4F65-80A1-FFDCBD9C0D72}.Debug|Any CPU.Build.0 = Debug|Any CPU
		{3955EC02-7D47-4F65-80A1-FFDCBD9C0D72}.Release|Any CPU.ActiveCfg = Release|Any CPU
		{3955EC02-7D47-4F65-80A1-FFDCBD9C0D72}.Release|Any CPU.Build.0 = Release|Any CPU
		{499E7835-CA08-473B-AF82-2B9F930BC459}.Debug|Any CPU.ActiveCfg = Debug|Any CPU
		{499E7835-CA08-473B-AF82-2B9F930BC459}.Debug|Any CPU.Build.0 = Debug|Any CPU
		{499E7835-CA08-473B-AF82-2B9F930BC459}.Release|Any CPU.ActiveCfg = Release|Any CPU
		{499E7835-CA08-473B-AF82-2B9F930BC459}.Release|Any CPU.Build.0 = Release|Any CPU
		{18FE368A-B3F2-4864-8B0A-2854F255E5AC}.Debug|Any CPU.ActiveCfg = Debug|Any CPU
		{18FE368A-B3F2-4864-8B0A-2854F255E5AC}.Debug|Any CPU.Build.0 = Debug|Any CPU
		{18FE368A-B3F2-4864-8B0A-2854F255E5AC}.Release|Any CPU.ActiveCfg = Release|Any CPU
		{18FE368A-B3F2-4864-8B0A-2854F255E5AC}.Release|Any CPU.Build.0 = Release|Any CPU
		{6D8B967B-3265-4F35-A6AA-AFD35BD1BBD7}.Debug|Any CPU.ActiveCfg = Debug|Any CPU
		{6D8B967B-3265-4F35-A6AA-AFD35BD1BBD7}.Debug|Any CPU.Build.0 = Debug|Any CPU
		{6D8B967B-3265-4F35-A6AA-AFD35BD1BBD7}.Release|Any CPU.ActiveCfg = Release|Any CPU
		{6D8B967B-3265-4F35-A6AA-AFD35BD1BBD7}.Release|Any CPU.Build.0 = Release|Any CPU
		{90D7C514-06E8-4E75-84ED-58B575BBED49}.Debug|Any CPU.ActiveCfg = Debug|Any CPU
		{90D7C514-06E8-4E75-84ED-58B575BBED49}.Debug|Any CPU.Build.0 = Debug|Any CPU
		{90D7C514-06E8-4E75-84ED-58B575BBED49}.Release|Any CPU.ActiveCfg = Release|Any CPU
		{90D7C514-06E8-4E75-84ED-58B575BBED49}.Release|Any CPU.Build.0 = Release|Any CPU
		{E5542591-6C4D-408C-BBF1-58D178427B0B}.Debug|Any CPU.ActiveCfg = Debug|Any CPU
		{E5542591-6C4D-408C-BBF1-58D178427B0B}.Debug|Any CPU.Build.0 = Debug|Any CPU
		{E5542591-6C4D-408C-BBF1-58D178427B0B}.Release|Any CPU.ActiveCfg = Release|Any CPU
		{E5542591-6C4D-408C-BBF1-58D178427B0B}.Release|Any CPU.Build.0 = Release|Any CPU
		{252F9F0E-8109-4B20-92CA-89EA505E0E05}.Debug|Any CPU.ActiveCfg = Debug|Any CPU
		{252F9F0E-8109-4B20-92CA-89EA505E0E05}.Debug|Any CPU.Build.0 = Debug|Any CPU
		{252F9F0E-8109-4B20-92CA-89EA505E0E05}.Release|Any CPU.ActiveCfg = Release|Any CPU
		{252F9F0E-8109-4B20-92CA-89EA505E0E05}.Release|Any CPU.Build.0 = Release|Any CPU
		{E96793E2-84B8-42E2-BC94-74FC2624F24E}.Debug|Any CPU.ActiveCfg = Debug|Any CPU
		{E96793E2-84B8-42E2-BC94-74FC2624F24E}.Debug|Any CPU.Build.0 = Debug|Any CPU
		{E96793E2-84B8-42E2-BC94-74FC2624F24E}.Release|Any CPU.ActiveCfg = Release|Any CPU
		{E96793E2-84B8-42E2-BC94-74FC2624F24E}.Release|Any CPU.Build.0 = Release|Any CPU
		{3F1C0440-91B6-45E5-AE14-52207CB35F7F}.Debug|Any CPU.ActiveCfg = Debug|Any CPU
		{3F1C0440-91B6-45E5-AE14-52207CB35F7F}.Debug|Any CPU.Build.0 = Debug|Any CPU
		{3F1C0440-91B6-45E5-AE14-52207CB35F7F}.Release|Any CPU.ActiveCfg = Release|Any CPU
		{3F1C0440-91B6-45E5-AE14-52207CB35F7F}.Release|Any CPU.Build.0 = Release|Any CPU
		{368AE50C-09FB-4F51-AD42-A7C450222AC8}.Debug|Any CPU.ActiveCfg = Debug|Any CPU
		{368AE50C-09FB-4F51-AD42-A7C450222AC8}.Debug|Any CPU.Build.0 = Debug|Any CPU
		{368AE50C-09FB-4F51-AD42-A7C450222AC8}.Release|Any CPU.ActiveCfg = Release|Any CPU
		{368AE50C-09FB-4F51-AD42-A7C450222AC8}.Release|Any CPU.Build.0 = Release|Any CPU
		{08351FD7-8713-4D3D-856E-C1CEDD880002}.Debug|Any CPU.ActiveCfg = Debug|Any CPU
		{08351FD7-8713-4D3D-856E-C1CEDD880002}.Debug|Any CPU.Build.0 = Debug|Any CPU
		{08351FD7-8713-4D3D-856E-C1CEDD880002}.Release|Any CPU.ActiveCfg = Release|Any CPU
		{08351FD7-8713-4D3D-856E-C1CEDD880002}.Release|Any CPU.Build.0 = Release|Any CPU
		{A530B788-7B23-4C9F-B24E-551009C21637}.Debug|Any CPU.ActiveCfg = Debug|Any CPU
		{A530B788-7B23-4C9F-B24E-551009C21637}.Debug|Any CPU.Build.0 = Debug|Any CPU
		{A530B788-7B23-4C9F-B24E-551009C21637}.Release|Any CPU.ActiveCfg = Release|Any CPU
		{A530B788-7B23-4C9F-B24E-551009C21637}.Release|Any CPU.Build.0 = Release|Any CPU
		{DD1C391A-4A9C-49FF-82DA-6EA19D2A3920}.Debug|Any CPU.ActiveCfg = Debug|Any CPU
		{DD1C391A-4A9C-49FF-82DA-6EA19D2A3920}.Debug|Any CPU.Build.0 = Debug|Any CPU
		{DD1C391A-4A9C-49FF-82DA-6EA19D2A3920}.Release|Any CPU.ActiveCfg = Release|Any CPU
		{DD1C391A-4A9C-49FF-82DA-6EA19D2A3920}.Release|Any CPU.Build.0 = Release|Any CPU
		{7B9C93E0-68F4-42F1-BC9B-DDB9EE12BF7F}.Debug|Any CPU.ActiveCfg = Debug|Any CPU
		{7B9C93E0-68F4-42F1-BC9B-DDB9EE12BF7F}.Debug|Any CPU.Build.0 = Debug|Any CPU
		{7B9C93E0-68F4-42F1-BC9B-DDB9EE12BF7F}.Release|Any CPU.ActiveCfg = Release|Any CPU
		{7B9C93E0-68F4-42F1-BC9B-DDB9EE12BF7F}.Release|Any CPU.Build.0 = Release|Any CPU
	EndGlobalSection
	GlobalSection(SolutionProperties) = preSolution
		HideSolutionNode = FALSE
	EndGlobalSection
	GlobalSection(NestedProjects) = preSolution
		{AD7C5D6F-5B30-4A95-A751-E24425AAAA71} = {8AF192AC-6242-4AB0-81E1-B4752AE1C641}
		{A9BAFBB1-36C8-47F6-872C-7DDF062CC53C} = {8AF192AC-6242-4AB0-81E1-B4752AE1C641}
		{80B79146-A3C5-4F4B-9BE3-80A119C926A0} = {8AF192AC-6242-4AB0-81E1-B4752AE1C641}
		{8F67561F-06AA-4926-8266-CD65299F5501} = {8AF192AC-6242-4AB0-81E1-B4752AE1C641}
		{BAD2FAE0-206E-45B7-95FD-3C8C5E42DFC1} = {8AF192AC-6242-4AB0-81E1-B4752AE1C641}
		{422D2C6F-154F-4CD7-98C6-ED44B82B70B5} = {80B79146-A3C5-4F4B-9BE3-80A119C926A0}
		{2EEF47CB-B615-4841-BA14-ECE27D4E5486} = {80B79146-A3C5-4F4B-9BE3-80A119C926A0}
		{79E1E820-B403-4AD8-806C-1CAD7AB76653} = {80B79146-A3C5-4F4B-9BE3-80A119C926A0}
		{F5A7409A-7D5D-497F-8C32-9F8BC7A14854} = {80B79146-A3C5-4F4B-9BE3-80A119C926A0}
		{2F7068A9-E23F-440B-B3F4-71A3620A701B} = {80B79146-A3C5-4F4B-9BE3-80A119C926A0}
		{B008FC04-325C-45EA-9CD7-17BEA4CFFED6} = {CB0EA49F-CDE7-418E-9D22-356CB32C0C46}
		{A3873A9C-BD16-433E-8F5A-14B6786F0D58} = {BAD2FAE0-206E-45B7-95FD-3C8C5E42DFC1}
		{AC55431B-37E0-4CF8-A8AB-D96F82F91552} = {BAD2FAE0-206E-45B7-95FD-3C8C5E42DFC1}
		{E2E9D306-B063-46B3-9324-53C494869EE3} = {BAD2FAE0-206E-45B7-95FD-3C8C5E42DFC1}
		{3747A323-7509-47CB-A1CF-305BAA697962} = {BAD2FAE0-206E-45B7-95FD-3C8C5E42DFC1}
		{F4B02E8D-6A57-444E-93DD-C30C6F8EF941} = {8F67561F-06AA-4926-8266-CD65299F5501}
		{C54CC9AE-B587-48EF-A613-5B2025EBC760} = {8F67561F-06AA-4926-8266-CD65299F5501}
		{60E1B8DC-383A-475A-8FCD-AA58AC083D7E} = {8F67561F-06AA-4926-8266-CD65299F5501}
		{898542B2-86F8-400B-BCF3-4706C31068B5} = {8F67561F-06AA-4926-8266-CD65299F5501}
		{4F126454-0D13-4F6B-8FCD-D03A03F0C3E7} = {8AF192AC-6242-4AB0-81E1-B4752AE1C641}
		{AFAD1446-1B01-47BA-8AEB-1B65A196FA70} = {CB0EA49F-CDE7-418E-9D22-356CB32C0C46}
		{2B151215-25D8-43C7-A498-D6320DFD1A07} = {AD7C5D6F-5B30-4A95-A751-E24425AAAA71}
		{3955EC02-7D47-4F65-80A1-FFDCBD9C0D72} = {AD7C5D6F-5B30-4A95-A751-E24425AAAA71}
		{499E7835-CA08-473B-AF82-2B9F930BC459} = {AD7C5D6F-5B30-4A95-A751-E24425AAAA71}
		{18FE368A-B3F2-4864-8B0A-2854F255E5AC} = {AD7C5D6F-5B30-4A95-A751-E24425AAAA71}
		{6D8B967B-3265-4F35-A6AA-AFD35BD1BBD7} = {AD7C5D6F-5B30-4A95-A751-E24425AAAA71}
		{90D7C514-06E8-4E75-84ED-58B575BBED49} = {4F126454-0D13-4F6B-8FCD-D03A03F0C3E7}
		{E5542591-6C4D-408C-BBF1-58D178427B0B} = {4F126454-0D13-4F6B-8FCD-D03A03F0C3E7}
		{252F9F0E-8109-4B20-92CA-89EA505E0E05} = {4F126454-0D13-4F6B-8FCD-D03A03F0C3E7}
		{E96793E2-84B8-42E2-BC94-74FC2624F24E} = {4F126454-0D13-4F6B-8FCD-D03A03F0C3E7}
		{3F1C0440-91B6-45E5-AE14-52207CB35F7F} = {4F126454-0D13-4F6B-8FCD-D03A03F0C3E7}
		{C26C939B-FBBA-4770-BC89-AE7287F05295} = {8AF192AC-6242-4AB0-81E1-B4752AE1C641}
		{368AE50C-09FB-4F51-AD42-A7C450222AC8} = {C26C939B-FBBA-4770-BC89-AE7287F05295}
		{08351FD7-8713-4D3D-856E-C1CEDD880002} = {C26C939B-FBBA-4770-BC89-AE7287F05295}
		{A530B788-7B23-4C9F-B24E-551009C21637} = {C26C939B-FBBA-4770-BC89-AE7287F05295}
		{DD1C391A-4A9C-49FF-82DA-6EA19D2A3920} = {C26C939B-FBBA-4770-BC89-AE7287F05295}
		{7B9C93E0-68F4-42F1-BC9B-DDB9EE12BF7F} = {C26C939B-FBBA-4770-BC89-AE7287F05295}
	EndGlobalSection
	GlobalSection(ExtensibilityGlobals) = postSolution
		SolutionGuid = {F6A085E5-5AC3-4442-B705-2AE054CB90D3}
	EndGlobalSection
EndGlobal
